
Microsoft Visual Studio Solution File, Format Version 12.00
# Visual Studio Version 16
VisualStudioVersion = 16.0.30114.105
MinimumVisualStudioVersion = 10.0.40219.1
Project("{2150E333-8FDC-42A3-9474-1A3956D46DE8}") = "Src", "Src", "{491BCD9D-1A41-46EC-AA8F-176FCEBB2999}"
EndProject
Project("{FAE04EC0-301F-11D3-BF4B-00C04F79EFBC}") = "SharedKernel", "Src\SharedKernel\SharedKernel.csproj", "{0C220B9F-30B0-4D51-A7E5-83CD0E23905B}"
EndProject
Project("{FAE04EC0-301F-11D3-BF4B-00C04F79EFBC}") = "Core", "Src\Core\Core.csproj", "{3B2984C3-54FF-48C8-8BBC-379BC4D1386D}"
EndProject
Project("{FAE04EC0-301F-11D3-BF4B-00C04F79EFBC}") = "Infrastructure", "Src\Infrastructure\Infrastructure.csproj", "{B088F329-F14E-4C65-9C28-665ECB3F0C35}"
EndProject
Project("{FAE04EC0-301F-11D3-BF4B-00C04F79EFBC}") = "Services", "Src\Services\Services.csproj", "{32B1B3D2-647E-437A-AD79-C09911CC4081}"
EndProject
Project("{FAE04EC0-301F-11D3-BF4B-00C04F79EFBC}") = "API", "Src\API\API.csproj", "{6193EE61-3B83-4EA0-A27E-2C874A74C1B8}"
EndProject
Project("{2150E333-8FDC-42A3-9474-1A3956D46DE8}") = "Test", "Test", "{C34A236D-09E9-4884-8E80-C36AC0DD8AA4}"
EndProject
Project("{FAE04EC0-301F-11D3-BF4B-00C04F79EFBC}") = "APIUnitTests", "Test\APIUnitTests\APIUnitTests.csproj", "{6232C817-3641-47C1-91EC-49B26ED149AD}"
EndProject
Project("{FAE04EC0-301F-11D3-BF4B-00C04F79EFBC}") = "ServiceUnitTests", "Test\ServiceUnitTests\ServiceUnitTests.csproj", "{E38E3C4E-6C20-4CA7-A204-FB2F69290159}"
EndProject
Project("{FAE04EC0-301F-11D3-BF4B-00C04F79EFBC}") = "SharedKernelUnitTests", "Test\SharedKernelUnitTests\SharedKernelUnitTests.csproj", "{05698DE1-5259-485F-B3E8-8D84F7A5D9AF}"
EndProject
Project("{FAE04EC0-301F-11D3-BF4B-00C04F79EFBC}") = "InfrastructureUnitTests", "Test\InfrastructureUnitTests\InfrastructureUnitTests.csproj", "{BC9A146F-79B1-4E6E-8737-4BCCC383151A}"
EndProject
Global
	GlobalSection(SolutionConfigurationPlatforms) = preSolution
		Debug|Any CPU = Debug|Any CPU
		Release|Any CPU = Release|Any CPU
	EndGlobalSection
	GlobalSection(SolutionProperties) = preSolution
		HideSolutionNode = FALSE
	EndGlobalSection
	GlobalSection(ProjectConfigurationPlatforms) = postSolution
		{0C220B9F-30B0-4D51-A7E5-83CD0E23905B}.Debug|Any CPU.ActiveCfg = Debug|Any CPU
		{0C220B9F-30B0-4D51-A7E5-83CD0E23905B}.Debug|Any CPU.Build.0 = Debug|Any CPU
		{0C220B9F-30B0-4D51-A7E5-83CD0E23905B}.Release|Any CPU.ActiveCfg = Release|Any CPU
		{0C220B9F-30B0-4D51-A7E5-83CD0E23905B}.Release|Any CPU.Build.0 = Release|Any CPU
		{3B2984C3-54FF-48C8-8BBC-379BC4D1386D}.Debug|Any CPU.ActiveCfg = Debug|Any CPU
		{3B2984C3-54FF-48C8-8BBC-379BC4D1386D}.Debug|Any CPU.Build.0 = Debug|Any CPU
		{3B2984C3-54FF-48C8-8BBC-379BC4D1386D}.Release|Any CPU.ActiveCfg = Release|Any CPU
		{3B2984C3-54FF-48C8-8BBC-379BC4D1386D}.Release|Any CPU.Build.0 = Release|Any CPU
		{B088F329-F14E-4C65-9C28-665ECB3F0C35}.Debug|Any CPU.ActiveCfg = Debug|Any CPU
		{B088F329-F14E-4C65-9C28-665ECB3F0C35}.Debug|Any CPU.Build.0 = Debug|Any CPU
		{B088F329-F14E-4C65-9C28-665ECB3F0C35}.Release|Any CPU.ActiveCfg = Release|Any CPU
		{B088F329-F14E-4C65-9C28-665ECB3F0C35}.Release|Any CPU.Build.0 = Release|Any CPU
		{32B1B3D2-647E-437A-AD79-C09911CC4081}.Debug|Any CPU.ActiveCfg = Debug|Any CPU
		{32B1B3D2-647E-437A-AD79-C09911CC4081}.Debug|Any CPU.Build.0 = Debug|Any CPU
		{32B1B3D2-647E-437A-AD79-C09911CC4081}.Release|Any CPU.ActiveCfg = Release|Any CPU
		{32B1B3D2-647E-437A-AD79-C09911CC4081}.Release|Any CPU.Build.0 = Release|Any CPU
		{6193EE61-3B83-4EA0-A27E-2C874A74C1B8}.Debug|Any CPU.ActiveCfg = Debug|Any CPU
		{6193EE61-3B83-4EA0-A27E-2C874A74C1B8}.Debug|Any CPU.Build.0 = Debug|Any CPU
		{6193EE61-3B83-4EA0-A27E-2C874A74C1B8}.Release|Any CPU.ActiveCfg = Release|Any CPU
		{6193EE61-3B83-4EA0-A27E-2C874A74C1B8}.Release|Any CPU.Build.0 = Release|Any CPU
		{6232C817-3641-47C1-91EC-49B26ED149AD}.Debug|Any CPU.ActiveCfg = Debug|Any CPU
		{6232C817-3641-47C1-91EC-49B26ED149AD}.Debug|Any CPU.Build.0 = Debug|Any CPU
		{6232C817-3641-47C1-91EC-49B26ED149AD}.Release|Any CPU.ActiveCfg = Release|Any CPU
		{6232C817-3641-47C1-91EC-49B26ED149AD}.Release|Any CPU.Build.0 = Release|Any CPU
		{E38E3C4E-6C20-4CA7-A204-FB2F69290159}.Debug|Any CPU.ActiveCfg = Debug|Any CPU
		{E38E3C4E-6C20-4CA7-A204-FB2F69290159}.Debug|Any CPU.Build.0 = Debug|Any CPU
		{E38E3C4E-6C20-4CA7-A204-FB2F69290159}.Release|Any CPU.ActiveCfg = Release|Any CPU
		{E38E3C4E-6C20-4CA7-A204-FB2F69290159}.Release|Any CPU.Build.0 = Release|Any CPU
		{05698DE1-5259-485F-B3E8-8D84F7A5D9AF}.Debug|Any CPU.ActiveCfg = Debug|Any CPU
		{05698DE1-5259-485F-B3E8-8D84F7A5D9AF}.Debug|Any CPU.Build.0 = Debug|Any CPU
		{05698DE1-5259-485F-B3E8-8D84F7A5D9AF}.Release|Any CPU.ActiveCfg = Release|Any CPU
		{05698DE1-5259-485F-B3E8-8D84F7A5D9AF}.Release|Any CPU.Build.0 = Release|Any CPU
		{BC9A146F-79B1-4E6E-8737-4BCCC383151A}.Debug|Any CPU.ActiveCfg = Debug|Any CPU
		{BC9A146F-79B1-4E6E-8737-4BCCC383151A}.Debug|Any CPU.Build.0 = Debug|Any CPU
		{BC9A146F-79B1-4E6E-8737-4BCCC383151A}.Release|Any CPU.ActiveCfg = Release|Any CPU
		{BC9A146F-79B1-4E6E-8737-4BCCC383151A}.Release|Any CPU.Build.0 = Release|Any CPU
	EndGlobalSection
	GlobalSection(NestedProjects) = preSolution
		{0C220B9F-30B0-4D51-A7E5-83CD0E23905B} = {491BCD9D-1A41-46EC-AA8F-176FCEBB2999}
		{3B2984C3-54FF-48C8-8BBC-379BC4D1386D} = {491BCD9D-1A41-46EC-AA8F-176FCEBB2999}
		{B088F329-F14E-4C65-9C28-665ECB3F0C35} = {491BCD9D-1A41-46EC-AA8F-176FCEBB2999}
		{32B1B3D2-647E-437A-AD79-C09911CC4081} = {491BCD9D-1A41-46EC-AA8F-176FCEBB2999}
		{6193EE61-3B83-4EA0-A27E-2C874A74C1B8} = {491BCD9D-1A41-46EC-AA8F-176FCEBB2999}
		{6232C817-3641-47C1-91EC-49B26ED149AD} = {C34A236D-09E9-4884-8E80-C36AC0DD8AA4}
		{E38E3C4E-6C20-4CA7-A204-FB2F69290159} = {C34A236D-09E9-4884-8E80-C36AC0DD8AA4}
		{05698DE1-5259-485F-B3E8-8D84F7A5D9AF} = {C34A236D-09E9-4884-8E80-C36AC0DD8AA4}
		{BC9A146F-79B1-4E6E-8737-4BCCC383151A} = {C34A236D-09E9-4884-8E80-C36AC0DD8AA4}
	EndGlobalSection
EndGlobal
